
Microsoft Visual Studio Solution File, Format Version 11.00
# Visual Studio 2010
Project("{FAE04EC0-301F-11D3-BF4B-00C04F79EFBC}") = "stats.kjonigsen.net", "stats.kjonigsen.net\stats.kjonigsen.net.csproj", "{37B83713-5741-4DDF-8D39-48ED93BD5931}"
EndProject
Project("{FAE04EC0-301F-11D3-BF4B-00C04F79EFBC}") = "stats.kjonigsen.net.Tests", "stats.kjonigsen.net.Tests\stats.kjonigsen.net.Tests.csproj", "{5106A22C-1C47-499F-AD53-E889783275EA}"
EndProject
Project("{FAE04EC0-301F-11D3-BF4B-00C04F79EFBC}") = "stats.kjonigsen.net.logging", "stats.kjonigsen.net.logging\stats.kjonigsen.net.logging.csproj", "{BAAB22AF-31FA-4E74-BC91-A4C1761D3DDB}"
EndProject
Global
	GlobalSection(SolutionConfigurationPlatforms) = preSolution
		Debug|Any CPU = Debug|Any CPU
		Release|Any CPU = Release|Any CPU
	EndGlobalSection
	GlobalSection(ProjectConfigurationPlatforms) = postSolution
		{37B83713-5741-4DDF-8D39-48ED93BD5931}.Debug|Any CPU.ActiveCfg = Debug|Any CPU
		{37B83713-5741-4DDF-8D39-48ED93BD5931}.Debug|Any CPU.Build.0 = Debug|Any CPU
		{37B83713-5741-4DDF-8D39-48ED93BD5931}.Release|Any CPU.ActiveCfg = Release|Any CPU
		{37B83713-5741-4DDF-8D39-48ED93BD5931}.Release|Any CPU.Build.0 = Release|Any CPU
		{5106A22C-1C47-499F-AD53-E889783275EA}.Debug|Any CPU.ActiveCfg = Debug|Any CPU
		{5106A22C-1C47-499F-AD53-E889783275EA}.Debug|Any CPU.Build.0 = Debug|Any CPU
		{5106A22C-1C47-499F-AD53-E889783275EA}.Release|Any CPU.ActiveCfg = Release|Any CPU
		{5106A22C-1C47-499F-AD53-E889783275EA}.Release|Any CPU.Build.0 = Release|Any CPU
		{BAAB22AF-31FA-4E74-BC91-A4C1761D3DDB}.Debug|Any CPU.ActiveCfg = Debug|Any CPU
		{BAAB22AF-31FA-4E74-BC91-A4C1761D3DDB}.Debug|Any CPU.Build.0 = Debug|Any CPU
		{BAAB22AF-31FA-4E74-BC91-A4C1761D3DDB}.Release|Any CPU.ActiveCfg = Release|Any CPU
		{BAAB22AF-31FA-4E74-BC91-A4C1761D3DDB}.Release|Any CPU.Build.0 = Release|Any CPU
	EndGlobalSection
	GlobalSection(SolutionProperties) = preSolution
		HideSolutionNode = FALSE
	EndGlobalSection
EndGlobal
